
Microsoft Visual Studio Solution File, Format Version 12.00
# Visual Studio 15
VisualStudioVersion = 15.0.26124.0
MinimumVisualStudioVersion = 15.0.26124.0
Project("{FAE04EC0-301F-11D3-BF4B-00C04F79EFBC}") = "application", "Api.Application\application.csproj", "{4E6B8F8F-913B-4E47-AE60-B07BCF9046E1}"
EndProject
Project("{FAE04EC0-301F-11D3-BF4B-00C04F79EFBC}") = "Domain", "Api.Domain\Domain.csproj", "{F7E64E82-73C2-48FF-879C-87C5CEFA43C9}"
EndProject
Project("{FAE04EC0-301F-11D3-BF4B-00C04F79EFBC}") = "CrossCutting", "Api.CrossCutting\CrossCutting.csproj", "{3CFCCC09-FB96-4957-9744-40E3D6614482}"
EndProject
Project("{FAE04EC0-301F-11D3-BF4B-00C04F79EFBC}") = "Data", "Api.Data\Data.csproj", "{C8473A89-FDFA-4610-89DF-9EB11BBD2C71}"
EndProject
Global
	GlobalSection(SolutionConfigurationPlatforms) = preSolution
		Debug|Any CPU = Debug|Any CPU
		Debug|x64 = Debug|x64
		Debug|x86 = Debug|x86
		Release|Any CPU = Release|Any CPU
		Release|x64 = Release|x64
		Release|x86 = Release|x86
	EndGlobalSection
	GlobalSection(SolutionProperties) = preSolution
		HideSolutionNode = FALSE
	EndGlobalSection
	GlobalSection(ProjectConfigurationPlatforms) = postSolution
		{4E6B8F8F-913B-4E47-AE60-B07BCF9046E1}.Debug|Any CPU.ActiveCfg = Debug|Any CPU
		{4E6B8F8F-913B-4E47-AE60-B07BCF9046E1}.Debug|Any CPU.Build.0 = Debug|Any CPU
		{4E6B8F8F-913B-4E47-AE60-B07BCF9046E1}.Debug|x64.ActiveCfg = Debug|Any CPU
		{4E6B8F8F-913B-4E47-AE60-B07BCF9046E1}.Debug|x64.Build.0 = Debug|Any CPU
		{4E6B8F8F-913B-4E47-AE60-B07BCF9046E1}.Debug|x86.ActiveCfg = Debug|Any CPU
		{4E6B8F8F-913B-4E47-AE60-B07BCF9046E1}.Debug|x86.Build.0 = Debug|Any CPU
		{4E6B8F8F-913B-4E47-AE60-B07BCF9046E1}.Release|Any CPU.ActiveCfg = Release|Any CPU
		{4E6B8F8F-913B-4E47-AE60-B07BCF9046E1}.Release|Any CPU.Build.0 = Release|Any CPU
		{4E6B8F8F-913B-4E47-AE60-B07BCF9046E1}.Release|x64.ActiveCfg = Release|Any CPU
		{4E6B8F8F-913B-4E47-AE60-B07BCF9046E1}.Release|x64.Build.0 = Release|Any CPU
		{4E6B8F8F-913B-4E47-AE60-B07BCF9046E1}.Release|x86.ActiveCfg = Release|Any CPU
		{4E6B8F8F-913B-4E47-AE60-B07BCF9046E1}.Release|x86.Build.0 = Release|Any CPU
		{F7E64E82-73C2-48FF-879C-87C5CEFA43C9}.Debug|Any CPU.ActiveCfg = Debug|Any CPU
		{F7E64E82-73C2-48FF-879C-87C5CEFA43C9}.Debug|Any CPU.Build.0 = Debug|Any CPU
		{F7E64E82-73C2-48FF-879C-87C5CEFA43C9}.Debug|x64.ActiveCfg = Debug|Any CPU
		{F7E64E82-73C2-48FF-879C-87C5CEFA43C9}.Debug|x64.Build.0 = Debug|Any CPU
		{F7E64E82-73C2-48FF-879C-87C5CEFA43C9}.Debug|x86.ActiveCfg = Debug|Any CPU
		{F7E64E82-73C2-48FF-879C-87C5CEFA43C9}.Debug|x86.Build.0 = Debug|Any CPU
		{F7E64E82-73C2-48FF-879C-87C5CEFA43C9}.Release|Any CPU.ActiveCfg = Release|Any CPU
		{F7E64E82-73C2-48FF-879C-87C5CEFA43C9}.Release|Any CPU.Build.0 = Release|Any CPU
		{F7E64E82-73C2-48FF-879C-87C5CEFA43C9}.Release|x64.ActiveCfg = Release|Any CPU
		{F7E64E82-73C2-48FF-879C-87C5CEFA43C9}.Release|x64.Build.0 = Release|Any CPU
		{F7E64E82-73C2-48FF-879C-87C5CEFA43C9}.Release|x86.ActiveCfg = Release|Any CPU
		{F7E64E82-73C2-48FF-879C-87C5CEFA43C9}.Release|x86.Build.0 = Release|Any CPU
		{3CFCCC09-FB96-4957-9744-40E3D6614482}.Debug|Any CPU.ActiveCfg = Debug|Any CPU
		{3CFCCC09-FB96-4957-9744-40E3D6614482}.Debug|Any CPU.Build.0 = Debug|Any CPU
		{3CFCCC09-FB96-4957-9744-40E3D6614482}.Debug|x64.ActiveCfg = Debug|Any CPU
		{3CFCCC09-FB96-4957-9744-40E3D6614482}.Debug|x64.Build.0 = Debug|Any CPU
		{3CFCCC09-FB96-4957-9744-40E3D6614482}.Debug|x86.ActiveCfg = Debug|Any CPU
		{3CFCCC09-FB96-4957-9744-40E3D6614482}.Debug|x86.Build.0 = Debug|Any CPU
		{3CFCCC09-FB96-4957-9744-40E3D6614482}.Release|Any CPU.ActiveCfg = Release|Any CPU
		{3CFCCC09-FB96-4957-9744-40E3D6614482}.Release|Any CPU.Build.0 = Release|Any CPU
		{3CFCCC09-FB96-4957-9744-40E3D6614482}.Release|x64.ActiveCfg = Release|Any CPU
		{3CFCCC09-FB96-4957-9744-40E3D6614482}.Release|x64.Build.0 = Release|Any CPU
		{3CFCCC09-FB96-4957-9744-40E3D6614482}.Release|x86.ActiveCfg = Release|Any CPU
		{3CFCCC09-FB96-4957-9744-40E3D6614482}.Release|x86.Build.0 = Release|Any CPU
		{C8473A89-FDFA-4610-89DF-9EB11BBD2C71}.Debug|Any CPU.ActiveCfg = Debug|Any CPU
		{C8473A89-FDFA-4610-89DF-9EB11BBD2C71}.Debug|Any CPU.Build.0 = Debug|Any CPU
		{C8473A89-FDFA-4610-89DF-9EB11BBD2C71}.Debug|x64.ActiveCfg = Debug|Any CPU
		{C8473A89-FDFA-4610-89DF-9EB11BBD2C71}.Debug|x64.Build.0 = Debug|Any CPU
		{C8473A89-FDFA-4610-89DF-9EB11BBD2C71}.Debug|x86.ActiveCfg = Debug|Any CPU
		{C8473A89-FDFA-4610-89DF-9EB11BBD2C71}.Debug|x86.Build.0 = Debug|Any CPU
		{C8473A89-FDFA-4610-89DF-9EB11BBD2C71}.Release|Any CPU.ActiveCfg = Release|Any CPU
		{C8473A89-FDFA-4610-89DF-9EB11BBD2C71}.Release|Any CPU.Build.0 = Release|Any CPU
		{C8473A89-FDFA-4610-89DF-9EB11BBD2C71}.Release|x64.ActiveCfg = Release|Any CPU
		{C8473A89-FDFA-4610-89DF-9EB11BBD2C71}.Release|x64.Build.0 = Release|Any CPU
		{C8473A89-FDFA-4610-89DF-9EB11BBD2C71}.Release|x86.ActiveCfg = Release|Any CPU
		{C8473A89-FDFA-4610-89DF-9EB11BBD2C71}.Release|x86.Build.0 = Release|Any CPU
	EndGlobalSection
EndGlobal
