
Microsoft Visual Studio Solution File, Format Version 12.00
# Visual Studio 15
VisualStudioVersion = 15.0.26124.0
MinimumVisualStudioVersion = 15.0.26124.0
Project("{FAE04EC0-301F-11D3-BF4B-00C04F79EFBC}") = "application", "Api.Application\application.csproj", "{4E6B8F8F-913B-4E47-AE60-B07BCF9046E1}"
EndProject
Project("{FAE04EC0-301F-11D3-BF4B-00C04F79EFBC}") = "Domain", "Api.Domain\Domain.csproj", "{F7E64E82-73C2-48FF-879C-87C5CEFA43C9}"
EndProject
Project("{FAE04EC0-301F-11D3-BF4B-00C04F79EFBC}") = "CrossCutting", "Api.CrossCutting\CrossCutting.csproj", "{3CFCCC09-FB96-4957-9744-40E3D6614482}"
EndProject
Project("{FAE04EC0-301F-11D3-BF4B-00C04F79EFBC}") = "Data", "Api.Data\Data.csproj", "{C8473A89-FDFA-4610-89DF-9EB11BBD2C71}"
EndProject
Project("{FAE04EC0-301F-11D3-BF4B-00C04F79EFBC}") = "Service", "Api.Service\Service.csproj", "{31E4AF9D-889D-48C6-803F-476720291267}"
EndProject
Project("{FAE04EC0-301F-11D3-BF4B-00C04F79EFBC}") = "Api.Data.Test", "Api.Data.Test\Api.Data.Test.csproj", "{351FA8F6-D7C7-44AA-A872-64043A8A6B6F}"
EndProject
Project("{FAE04EC0-301F-11D3-BF4B-00C04F79EFBC}") = "Api.Service.Test", "Api.Service.Test\Api.Service.Test.csproj", "{57A41BE7-6F81-401D-A696-5AD56522F0EF}"
EndProject
Project("{FAE04EC0-301F-11D3-BF4B-00C04F79EFBC}") = "Api.Application.Test", "Api.Application.Test\Api.Application.Test.csproj", "{6C87EFBE-48F6-41BF-8A6E-53F0C52B7C50}"
EndProject
Project("{FAE04EC0-301F-11D3-BF4B-00C04F79EFBC}") = "Api.Integration.Test", "Api.Integration.Test\Api.Integration.Test.csproj", "{DD490D62-C0F9-458F-9EA9-BD3F468C8435}"
EndProject
Global
	GlobalSection(SolutionConfigurationPlatforms) = preSolution
		Debug|Any CPU = Debug|Any CPU
		Debug|x64 = Debug|x64
		Debug|x86 = Debug|x86
		Release|Any CPU = Release|Any CPU
		Release|x64 = Release|x64
		Release|x86 = Release|x86
	EndGlobalSection
	GlobalSection(SolutionProperties) = preSolution
		HideSolutionNode = FALSE
	EndGlobalSection
	GlobalSection(ProjectConfigurationPlatforms) = postSolution
		{4E6B8F8F-913B-4E47-AE60-B07BCF9046E1}.Debug|Any CPU.ActiveCfg = Debug|Any CPU
		{4E6B8F8F-913B-4E47-AE60-B07BCF9046E1}.Debug|Any CPU.Build.0 = Debug|Any CPU
		{4E6B8F8F-913B-4E47-AE60-B07BCF9046E1}.Debug|x64.ActiveCfg = Debug|Any CPU
		{4E6B8F8F-913B-4E47-AE60-B07BCF9046E1}.Debug|x64.Build.0 = Debug|Any CPU
		{4E6B8F8F-913B-4E47-AE60-B07BCF9046E1}.Debug|x86.ActiveCfg = Debug|Any CPU
		{4E6B8F8F-913B-4E47-AE60-B07BCF9046E1}.Debug|x86.Build.0 = Debug|Any CPU
		{4E6B8F8F-913B-4E47-AE60-B07BCF9046E1}.Release|Any CPU.ActiveCfg = Release|Any CPU
		{4E6B8F8F-913B-4E47-AE60-B07BCF9046E1}.Release|Any CPU.Build.0 = Release|Any CPU
		{4E6B8F8F-913B-4E47-AE60-B07BCF9046E1}.Release|x64.ActiveCfg = Release|Any CPU
		{4E6B8F8F-913B-4E47-AE60-B07BCF9046E1}.Release|x64.Build.0 = Release|Any CPU
		{4E6B8F8F-913B-4E47-AE60-B07BCF9046E1}.Release|x86.ActiveCfg = Release|Any CPU
		{4E6B8F8F-913B-4E47-AE60-B07BCF9046E1}.Release|x86.Build.0 = Release|Any CPU
		{F7E64E82-73C2-48FF-879C-87C5CEFA43C9}.Debug|Any CPU.ActiveCfg = Debug|Any CPU
		{F7E64E82-73C2-48FF-879C-87C5CEFA43C9}.Debug|Any CPU.Build.0 = Debug|Any CPU
		{F7E64E82-73C2-48FF-879C-87C5CEFA43C9}.Debug|x64.ActiveCfg = Debug|Any CPU
		{F7E64E82-73C2-48FF-879C-87C5CEFA43C9}.Debug|x64.Build.0 = Debug|Any CPU
		{F7E64E82-73C2-48FF-879C-87C5CEFA43C9}.Debug|x86.ActiveCfg = Debug|Any CPU
		{F7E64E82-73C2-48FF-879C-87C5CEFA43C9}.Debug|x86.Build.0 = Debug|Any CPU
		{F7E64E82-73C2-48FF-879C-87C5CEFA43C9}.Release|Any CPU.ActiveCfg = Release|Any CPU
		{F7E64E82-73C2-48FF-879C-87C5CEFA43C9}.Release|Any CPU.Build.0 = Release|Any CPU
		{F7E64E82-73C2-48FF-879C-87C5CEFA43C9}.Release|x64.ActiveCfg = Release|Any CPU
		{F7E64E82-73C2-48FF-879C-87C5CEFA43C9}.Release|x64.Build.0 = Release|Any CPU
		{F7E64E82-73C2-48FF-879C-87C5CEFA43C9}.Release|x86.ActiveCfg = Release|Any CPU
		{F7E64E82-73C2-48FF-879C-87C5CEFA43C9}.Release|x86.Build.0 = Release|Any CPU
		{3CFCCC09-FB96-4957-9744-40E3D6614482}.Debug|Any CPU.ActiveCfg = Debug|Any CPU
		{3CFCCC09-FB96-4957-9744-40E3D6614482}.Debug|Any CPU.Build.0 = Debug|Any CPU
		{3CFCCC09-FB96-4957-9744-40E3D6614482}.Debug|x64.ActiveCfg = Debug|Any CPU
		{3CFCCC09-FB96-4957-9744-40E3D6614482}.Debug|x64.Build.0 = Debug|Any CPU
		{3CFCCC09-FB96-4957-9744-40E3D6614482}.Debug|x86.ActiveCfg = Debug|Any CPU
		{3CFCCC09-FB96-4957-9744-40E3D6614482}.Debug|x86.Build.0 = Debug|Any CPU
		{3CFCCC09-FB96-4957-9744-40E3D6614482}.Release|Any CPU.ActiveCfg = Release|Any CPU
		{3CFCCC09-FB96-4957-9744-40E3D6614482}.Release|Any CPU.Build.0 = Release|Any CPU
		{3CFCCC09-FB96-4957-9744-40E3D6614482}.Release|x64.ActiveCfg = Release|Any CPU
		{3CFCCC09-FB96-4957-9744-40E3D6614482}.Release|x64.Build.0 = Release|Any CPU
		{3CFCCC09-FB96-4957-9744-40E3D6614482}.Release|x86.ActiveCfg = Release|Any CPU
		{3CFCCC09-FB96-4957-9744-40E3D6614482}.Release|x86.Build.0 = Release|Any CPU
		{C8473A89-FDFA-4610-89DF-9EB11BBD2C71}.Debug|Any CPU.ActiveCfg = Debug|Any CPU
		{C8473A89-FDFA-4610-89DF-9EB11BBD2C71}.Debug|Any CPU.Build.0 = Debug|Any CPU
		{C8473A89-FDFA-4610-89DF-9EB11BBD2C71}.Debug|x64.ActiveCfg = Debug|Any CPU
		{C8473A89-FDFA-4610-89DF-9EB11BBD2C71}.Debug|x64.Build.0 = Debug|Any CPU
		{C8473A89-FDFA-4610-89DF-9EB11BBD2C71}.Debug|x86.ActiveCfg = Debug|Any CPU
		{C8473A89-FDFA-4610-89DF-9EB11BBD2C71}.Debug|x86.Build.0 = Debug|Any CPU
		{C8473A89-FDFA-4610-89DF-9EB11BBD2C71}.Release|Any CPU.ActiveCfg = Release|Any CPU
		{C8473A89-FDFA-4610-89DF-9EB11BBD2C71}.Release|Any CPU.Build.0 = Release|Any CPU
		{C8473A89-FDFA-4610-89DF-9EB11BBD2C71}.Release|x64.ActiveCfg = Release|Any CPU
		{C8473A89-FDFA-4610-89DF-9EB11BBD2C71}.Release|x64.Build.0 = Release|Any CPU
		{C8473A89-FDFA-4610-89DF-9EB11BBD2C71}.Release|x86.ActiveCfg = Release|Any CPU
		{C8473A89-FDFA-4610-89DF-9EB11BBD2C71}.Release|x86.Build.0 = Release|Any CPU
		{31E4AF9D-889D-48C6-803F-476720291267}.Debug|Any CPU.ActiveCfg = Debug|Any CPU
		{31E4AF9D-889D-48C6-803F-476720291267}.Debug|Any CPU.Build.0 = Debug|Any CPU
		{31E4AF9D-889D-48C6-803F-476720291267}.Debug|x64.ActiveCfg = Debug|Any CPU
		{31E4AF9D-889D-48C6-803F-476720291267}.Debug|x64.Build.0 = Debug|Any CPU
		{31E4AF9D-889D-48C6-803F-476720291267}.Debug|x86.ActiveCfg = Debug|Any CPU
		{31E4AF9D-889D-48C6-803F-476720291267}.Debug|x86.Build.0 = Debug|Any CPU
		{31E4AF9D-889D-48C6-803F-476720291267}.Release|Any CPU.ActiveCfg = Release|Any CPU
		{31E4AF9D-889D-48C6-803F-476720291267}.Release|Any CPU.Build.0 = Release|Any CPU
		{31E4AF9D-889D-48C6-803F-476720291267}.Release|x64.ActiveCfg = Release|Any CPU
		{31E4AF9D-889D-48C6-803F-476720291267}.Release|x64.Build.0 = Release|Any CPU
		{31E4AF9D-889D-48C6-803F-476720291267}.Release|x86.ActiveCfg = Release|Any CPU
		{31E4AF9D-889D-48C6-803F-476720291267}.Release|x86.Build.0 = Release|Any CPU
		{351FA8F6-D7C7-44AA-A872-64043A8A6B6F}.Debug|Any CPU.ActiveCfg = Debug|Any CPU
		{351FA8F6-D7C7-44AA-A872-64043A8A6B6F}.Debug|Any CPU.Build.0 = Debug|Any CPU
		{351FA8F6-D7C7-44AA-A872-64043A8A6B6F}.Debug|x64.ActiveCfg = Debug|Any CPU
		{351FA8F6-D7C7-44AA-A872-64043A8A6B6F}.Debug|x64.Build.0 = Debug|Any CPU
		{351FA8F6-D7C7-44AA-A872-64043A8A6B6F}.Debug|x86.ActiveCfg = Debug|Any CPU
		{351FA8F6-D7C7-44AA-A872-64043A8A6B6F}.Debug|x86.Build.0 = Debug|Any CPU
		{351FA8F6-D7C7-44AA-A872-64043A8A6B6F}.Release|Any CPU.ActiveCfg = Release|Any CPU
		{351FA8F6-D7C7-44AA-A872-64043A8A6B6F}.Release|Any CPU.Build.0 = Release|Any CPU
		{351FA8F6-D7C7-44AA-A872-64043A8A6B6F}.Release|x64.ActiveCfg = Release|Any CPU
		{351FA8F6-D7C7-44AA-A872-64043A8A6B6F}.Release|x64.Build.0 = Release|Any CPU
		{351FA8F6-D7C7-44AA-A872-64043A8A6B6F}.Release|x86.ActiveCfg = Release|Any CPU
		{351FA8F6-D7C7-44AA-A872-64043A8A6B6F}.Release|x86.Build.0 = Release|Any CPU
		{57A41BE7-6F81-401D-A696-5AD56522F0EF}.Debug|Any CPU.ActiveCfg = Debug|Any CPU
		{57A41BE7-6F81-401D-A696-5AD56522F0EF}.Debug|Any CPU.Build.0 = Debug|Any CPU
		{57A41BE7-6F81-401D-A696-5AD56522F0EF}.Debug|x64.ActiveCfg = Debug|Any CPU
		{57A41BE7-6F81-401D-A696-5AD56522F0EF}.Debug|x64.Build.0 = Debug|Any CPU
		{57A41BE7-6F81-401D-A696-5AD56522F0EF}.Debug|x86.ActiveCfg = Debug|Any CPU
		{57A41BE7-6F81-401D-A696-5AD56522F0EF}.Debug|x86.Build.0 = Debug|Any CPU
		{57A41BE7-6F81-401D-A696-5AD56522F0EF}.Release|Any CPU.ActiveCfg = Release|Any CPU
		{57A41BE7-6F81-401D-A696-5AD56522F0EF}.Release|Any CPU.Build.0 = Release|Any CPU
		{57A41BE7-6F81-401D-A696-5AD56522F0EF}.Release|x64.ActiveCfg = Release|Any CPU
		{57A41BE7-6F81-401D-A696-5AD56522F0EF}.Release|x64.Build.0 = Release|Any CPU
		{57A41BE7-6F81-401D-A696-5AD56522F0EF}.Release|x86.ActiveCfg = Release|Any CPU
		{57A41BE7-6F81-401D-A696-5AD56522F0EF}.Release|x86.Build.0 = Release|Any CPU
		{6C87EFBE-48F6-41BF-8A6E-53F0C52B7C50}.Debug|Any CPU.ActiveCfg = Debug|Any CPU
		{6C87EFBE-48F6-41BF-8A6E-53F0C52B7C50}.Debug|Any CPU.Build.0 = Debug|Any CPU
		{6C87EFBE-48F6-41BF-8A6E-53F0C52B7C50}.Debug|x64.ActiveCfg = Debug|Any CPU
		{6C87EFBE-48F6-41BF-8A6E-53F0C52B7C50}.Debug|x64.Build.0 = Debug|Any CPU
		{6C87EFBE-48F6-41BF-8A6E-53F0C52B7C50}.Debug|x86.ActiveCfg = Debug|Any CPU
		{6C87EFBE-48F6-41BF-8A6E-53F0C52B7C50}.Debug|x86.Build.0 = Debug|Any CPU
		{6C87EFBE-48F6-41BF-8A6E-53F0C52B7C50}.Release|Any CPU.ActiveCfg = Release|Any CPU
		{6C87EFBE-48F6-41BF-8A6E-53F0C52B7C50}.Release|Any CPU.Build.0 = Release|Any CPU
		{6C87EFBE-48F6-41BF-8A6E-53F0C52B7C50}.Release|x64.ActiveCfg = Release|Any CPU
		{6C87EFBE-48F6-41BF-8A6E-53F0C52B7C50}.Release|x64.Build.0 = Release|Any CPU
		{6C87EFBE-48F6-41BF-8A6E-53F0C52B7C50}.Release|x86.ActiveCfg = Release|Any CPU
		{6C87EFBE-48F6-41BF-8A6E-53F0C52B7C50}.Release|x86.Build.0 = Release|Any CPU
		{DD490D62-C0F9-458F-9EA9-BD3F468C8435}.Debug|Any CPU.ActiveCfg = Debug|Any CPU
		{DD490D62-C0F9-458F-9EA9-BD3F468C8435}.Debug|Any CPU.Build.0 = Debug|Any CPU
		{DD490D62-C0F9-458F-9EA9-BD3F468C8435}.Debug|x64.ActiveCfg = Debug|Any CPU
		{DD490D62-C0F9-458F-9EA9-BD3F468C8435}.Debug|x64.Build.0 = Debug|Any CPU
		{DD490D62-C0F9-458F-9EA9-BD3F468C8435}.Debug|x86.ActiveCfg = Debug|Any CPU
		{DD490D62-C0F9-458F-9EA9-BD3F468C8435}.Debug|x86.Build.0 = Debug|Any CPU
		{DD490D62-C0F9-458F-9EA9-BD3F468C8435}.Release|Any CPU.ActiveCfg = Release|Any CPU
		{DD490D62-C0F9-458F-9EA9-BD3F468C8435}.Release|Any CPU.Build.0 = Release|Any CPU
		{DD490D62-C0F9-458F-9EA9-BD3F468C8435}.Release|x64.ActiveCfg = Release|Any CPU
		{DD490D62-C0F9-458F-9EA9-BD3F468C8435}.Release|x64.Build.0 = Release|Any CPU
		{DD490D62-C0F9-458F-9EA9-BD3F468C8435}.Release|x86.ActiveCfg = Release|Any CPU
		{DD490D62-C0F9-458F-9EA9-BD3F468C8435}.Release|x86.Build.0 = Release|Any CPU
	EndGlobalSection
EndGlobal
